
Microsoft Visual Studio Solution File, Format Version 12.00
# Visual Studio 14
VisualStudioVersion = 14.0.25420.1
MinimumVisualStudioVersion = 10.0.40219.1
Project("{2150E333-8FDC-42A3-9474-1A3956D46DE8}") = "src", "src", "{E16DAA71-2198-4E36-A318-045648AA6865}"
EndProject
Project("{2150E333-8FDC-42A3-9474-1A3956D46DE8}") = "Solution Items", "Solution Items", "{62A0EB57-1291-419F-8E3C-7E5F477D536F}"
	ProjectSection(SolutionItems) = preProject
		global.json = global.json
	EndProjectSection
EndProject
Project("{8BB2217D-0F2D-49D1-97BC-3654ED321F3B}") = "LoggingLab", "src\LoggingLab\LoggingLab.xproj", "{6DCA6A61-F87C-4CDB-AE22-5A3706276046}"
EndProject
Global
	GlobalSection(SolutionConfigurationPlatforms) = preSolution
		Debug|Any CPU = Debug|Any CPU
		Release|Any CPU = Release|Any CPU
	EndGlobalSection
	GlobalSection(ProjectConfigurationPlatforms) = postSolution
		{6DCA6A61-F87C-4CDB-AE22-5A3706276046}.Debug|Any CPU.ActiveCfg = Debug|Any CPU
		{6DCA6A61-F87C-4CDB-AE22-5A3706276046}.Debug|Any CPU.Build.0 = Debug|Any CPU
		{6DCA6A61-F87C-4CDB-AE22-5A3706276046}.Release|Any CPU.ActiveCfg = Release|Any CPU
		{6DCA6A61-F87C-4CDB-AE22-5A3706276046}.Release|Any CPU.Build.0 = Release|Any CPU
	EndGlobalSection
	GlobalSection(SolutionProperties) = preSolution
		HideSolutionNode = FALSE
	EndGlobalSection
	GlobalSection(NestedProjects) = preSolution
		{6DCA6A61-F87C-4CDB-AE22-5A3706276046} = {E16DAA71-2198-4E36-A318-045648AA6865}
	EndGlobalSection
EndGlobal
